
Microsoft Visual Studio Solution File, Format Version 12.00
# Visual Studio Express 2012 for Windows Desktop
Project("{FAE04EC0-301F-11D3-BF4B-00C04F79EFBC}") = "T_daneshgah_3", "T_daneshgah_3\T_daneshgah_3.csproj", "{1FABF4C3-68BF-4DB8-B2D6-FBF931435BAB}"
EndProject
Global
	GlobalSection(SolutionConfigurationPlatforms) = preSolution
		Debug|Any CPU = Debug|Any CPU
		Release|Any CPU = Release|Any CPU
	EndGlobalSection
	GlobalSection(ProjectConfigurationPlatforms) = postSolution
		{1FABF4C3-68BF-4DB8-B2D6-FBF931435BAB}.Debug|Any CPU.ActiveCfg = Debug|Any CPU
		{1FABF4C3-68BF-4DB8-B2D6-FBF931435BAB}.Debug|Any CPU.Build.0 = Debug|Any CPU
		{1FABF4C3-68BF-4DB8-B2D6-FBF931435BAB}.Release|Any CPU.ActiveCfg = Release|Any CPU
		{1FABF4C3-68BF-4DB8-B2D6-FBF931435BAB}.Release|Any CPU.Build.0 = Release|Any CPU
	EndGlobalSection
	GlobalSection(SolutionProperties) = preSolution
		HideSolutionNode = FALSE
	EndGlobalSection
EndGlobal
